
Microsoft Visual Studio Solution File, Format Version 12.00
# Visual Studio Version 16
VisualStudioVersion = 16.0.30011.22
MinimumVisualStudioVersion = 10.0.40219.1
Project("{FAE04EC0-301F-11D3-BF4B-00C04F79EFBC}") = "ValorGasolina", "ValorGasolina.csproj", "{B1DD119F-6BB3-4A21-8874-603863FFAD01}"
EndProject
Global
	GlobalSection(SolutionConfigurationPlatforms) = preSolution
		Debug|Any CPU = Debug|Any CPU
		Release|Any CPU = Release|Any CPU
	EndGlobalSection
	GlobalSection(ProjectConfigurationPlatforms) = postSolution
		{B1DD119F-6BB3-4A21-8874-603863FFAD01}.Debug|Any CPU.ActiveCfg = Debug|Any CPU
		{B1DD119F-6BB3-4A21-8874-603863FFAD01}.Debug|Any CPU.Build.0 = Debug|Any CPU
		{B1DD119F-6BB3-4A21-8874-603863FFAD01}.Release|Any CPU.ActiveCfg = Release|Any CPU
		{B1DD119F-6BB3-4A21-8874-603863FFAD01}.Release|Any CPU.Build.0 = Release|Any CPU
	EndGlobalSection
	GlobalSection(SolutionProperties) = preSolution
		HideSolutionNode = FALSE
	EndGlobalSection
	GlobalSection(ExtensibilityGlobals) = postSolution
		SolutionGuid = {1D0EAF7E-0ECA-4105-939C-B2D7E51952C1}
	EndGlobalSection
EndGlobal
